
Microsoft Visual Studio Solution File, Format Version 12.00
# Visual Studio 15
VisualStudioVersion = 15.0.28307.329
MinimumVisualStudioVersion = 10.0.40219.1
Project("{8BC9CEB8-8B4A-11D0-8D11-00A0C91BC942}") = "LocalAndSafe", "DemoClient\DemoClient.vcxproj", "{5E5CE796-195E-4CA8-909F-42D9F3BD11FC}"
EndProject
Project("{8BC9CEB8-8B4A-11D0-8D11-00A0C91BC942}") = "Server", "Server\Server.vcxproj", "{B54C0346-A36B-4DD1-858C-8729032B06A4}"
EndProject
Project("{8BC9CEB8-8B4A-11D0-8D11-00A0C91BC942}") = "DemoDevice", "DemoDevice\DemoDevice.vcxproj", "{EDC2D3C9-A61F-404B-A2CF-C84C21ECA632}"
EndProject
Project("{54435603-DBB4-11D2-8724-00A0C9A8B90C}") = "LocalAndSafe Setup", "LocalAndSafe\LocalAndSafe.vdproj", "{4CBFFDE3-7B9F-4F54-9911-FF85D8BCA06A}"
EndProject
Project("{8BC9CEB8-8B4A-11D0-8D11-00A0C91BC942}") = "LocalAndSafe_Linux", "LocalAndSafe_Linux\LocalAndSafe_Linux.vcxproj", "{414BD7D1-79F0-4D76-BAC8-F7D07628918C}"
EndProject
Global
	GlobalSection(SolutionConfigurationPlatforms) = preSolution
		All|ARM = All|ARM
		All|ARM64 = All|ARM64
		All|x64 = All|x64
		All|x86 = All|x86
		Debug|ARM = Debug|ARM
		Debug|ARM64 = Debug|ARM64
		Debug|x64 = Debug|x64
		Debug|x86 = Debug|x86
		Release|ARM = Release|ARM
		Release|ARM64 = Release|ARM64
		Release|x64 = Release|x64
		Release|x86 = Release|x86
	EndGlobalSection
	GlobalSection(ProjectConfigurationPlatforms) = postSolution
		{5E5CE796-195E-4CA8-909F-42D9F3BD11FC}.All|ARM.ActiveCfg = Debug|Win32
		{5E5CE796-195E-4CA8-909F-42D9F3BD11FC}.All|ARM.Build.0 = Debug|Win32
		{5E5CE796-195E-4CA8-909F-42D9F3BD11FC}.All|ARM64.ActiveCfg = Debug|Win32
		{5E5CE796-195E-4CA8-909F-42D9F3BD11FC}.All|ARM64.Build.0 = Debug|Win32
		{5E5CE796-195E-4CA8-909F-42D9F3BD11FC}.All|x64.ActiveCfg = Release|x64
		{5E5CE796-195E-4CA8-909F-42D9F3BD11FC}.All|x64.Build.0 = Release|x64
		{5E5CE796-195E-4CA8-909F-42D9F3BD11FC}.All|x86.ActiveCfg = Release|Win32
		{5E5CE796-195E-4CA8-909F-42D9F3BD11FC}.All|x86.Build.0 = Release|Win32
		{5E5CE796-195E-4CA8-909F-42D9F3BD11FC}.Debug|ARM.ActiveCfg = Debug|Win32
		{5E5CE796-195E-4CA8-909F-42D9F3BD11FC}.Debug|ARM64.ActiveCfg = Debug|Win32
		{5E5CE796-195E-4CA8-909F-42D9F3BD11FC}.Debug|x64.ActiveCfg = Debug|x64
		{5E5CE796-195E-4CA8-909F-42D9F3BD11FC}.Debug|x64.Build.0 = Debug|x64
		{5E5CE796-195E-4CA8-909F-42D9F3BD11FC}.Debug|x86.ActiveCfg = Debug|Win32
		{5E5CE796-195E-4CA8-909F-42D9F3BD11FC}.Debug|x86.Build.0 = Debug|Win32
		{5E5CE796-195E-4CA8-909F-42D9F3BD11FC}.Release|ARM.ActiveCfg = Release|Win32
		{5E5CE796-195E-4CA8-909F-42D9F3BD11FC}.Release|ARM64.ActiveCfg = Release|Win32
		{5E5CE796-195E-4CA8-909F-42D9F3BD11FC}.Release|x64.ActiveCfg = Release|x64
		{5E5CE796-195E-4CA8-909F-42D9F3BD11FC}.Release|x64.Build.0 = Release|x64
		{5E5CE796-195E-4CA8-909F-42D9F3BD11FC}.Release|x86.ActiveCfg = Release|Win32
		{5E5CE796-195E-4CA8-909F-42D9F3BD11FC}.Release|x86.Build.0 = Release|Win32
		{B54C0346-A36B-4DD1-858C-8729032B06A4}.All|ARM.ActiveCfg = Debug|Win32
		{B54C0346-A36B-4DD1-858C-8729032B06A4}.All|ARM.Build.0 = Debug|Win32
		{B54C0346-A36B-4DD1-858C-8729032B06A4}.All|ARM64.ActiveCfg = Debug|Win32
		{B54C0346-A36B-4DD1-858C-8729032B06A4}.All|ARM64.Build.0 = Debug|Win32
		{B54C0346-A36B-4DD1-858C-8729032B06A4}.All|x64.ActiveCfg = Release|x64
		{B54C0346-A36B-4DD1-858C-8729032B06A4}.All|x64.Build.0 = Release|x64
		{B54C0346-A36B-4DD1-858C-8729032B06A4}.All|x86.ActiveCfg = Release|Win32
		{B54C0346-A36B-4DD1-858C-8729032B06A4}.All|x86.Build.0 = Release|Win32
		{B54C0346-A36B-4DD1-858C-8729032B06A4}.Debug|ARM.ActiveCfg = Debug|Win32
		{B54C0346-A36B-4DD1-858C-8729032B06A4}.Debug|ARM64.ActiveCfg = Debug|Win32
		{B54C0346-A36B-4DD1-858C-8729032B06A4}.Debug|x64.ActiveCfg = Debug|x64
		{B54C0346-A36B-4DD1-858C-8729032B06A4}.Debug|x64.Build.0 = Debug|x64
		{B54C0346-A36B-4DD1-858C-8729032B06A4}.Debug|x86.ActiveCfg = Debug|Win32
		{B54C0346-A36B-4DD1-858C-8729032B06A4}.Debug|x86.Build.0 = Debug|Win32
		{B54C0346-A36B-4DD1-858C-8729032B06A4}.Release|ARM.ActiveCfg = Release|Win32
		{B54C0346-A36B-4DD1-858C-8729032B06A4}.Release|ARM64.ActiveCfg = Release|Win32
		{B54C0346-A36B-4DD1-858C-8729032B06A4}.Release|x64.ActiveCfg = Release|x64
		{B54C0346-A36B-4DD1-858C-8729032B06A4}.Release|x64.Build.0 = Release|x64
		{B54C0346-A36B-4DD1-858C-8729032B06A4}.Release|x86.ActiveCfg = Release|Win32
		{B54C0346-A36B-4DD1-858C-8729032B06A4}.Release|x86.Build.0 = Release|Win32
		{EDC2D3C9-A61F-404B-A2CF-C84C21ECA632}.All|ARM.ActiveCfg = Debug|Win32
		{EDC2D3C9-A61F-404B-A2CF-C84C21ECA632}.All|ARM.Build.0 = Debug|Win32
		{EDC2D3C9-A61F-404B-A2CF-C84C21ECA632}.All|ARM64.ActiveCfg = Debug|Win32
		{EDC2D3C9-A61F-404B-A2CF-C84C21ECA632}.All|ARM64.Build.0 = Debug|Win32
		{EDC2D3C9-A61F-404B-A2CF-C84C21ECA632}.All|x64.ActiveCfg = Release|x64
		{EDC2D3C9-A61F-404B-A2CF-C84C21ECA632}.All|x64.Build.0 = Release|x64
		{EDC2D3C9-A61F-404B-A2CF-C84C21ECA632}.All|x86.ActiveCfg = Release|Win32
		{EDC2D3C9-A61F-404B-A2CF-C84C21ECA632}.All|x86.Build.0 = Release|Win32
		{EDC2D3C9-A61F-404B-A2CF-C84C21ECA632}.Debug|ARM.ActiveCfg = Debug|Win32
		{EDC2D3C9-A61F-404B-A2CF-C84C21ECA632}.Debug|ARM64.ActiveCfg = Debug|Win32
		{EDC2D3C9-A61F-404B-A2CF-C84C21ECA632}.Debug|x64.ActiveCfg = Debug|x64
		{EDC2D3C9-A61F-404B-A2CF-C84C21ECA632}.Debug|x64.Build.0 = Debug|x64
		{EDC2D3C9-A61F-404B-A2CF-C84C21ECA632}.Debug|x86.ActiveCfg = Debug|Win32
		{EDC2D3C9-A61F-404B-A2CF-C84C21ECA632}.Debug|x86.Build.0 = Debug|Win32
		{EDC2D3C9-A61F-404B-A2CF-C84C21ECA632}.Release|ARM.ActiveCfg = Release|Win32
		{EDC2D3C9-A61F-404B-A2CF-C84C21ECA632}.Release|ARM64.ActiveCfg = Release|Win32
		{EDC2D3C9-A61F-404B-A2CF-C84C21ECA632}.Release|x64.ActiveCfg = Release|x64
		{EDC2D3C9-A61F-404B-A2CF-C84C21ECA632}.Release|x64.Build.0 = Release|x64
		{EDC2D3C9-A61F-404B-A2CF-C84C21ECA632}.Release|x86.ActiveCfg = Release|Win32
		{EDC2D3C9-A61F-404B-A2CF-C84C21ECA632}.Release|x86.Build.0 = Release|Win32
		{4CBFFDE3-7B9F-4F54-9911-FF85D8BCA06A}.All|ARM.ActiveCfg = Debug
		{4CBFFDE3-7B9F-4F54-9911-FF85D8BCA06A}.All|ARM.Build.0 = Debug
		{4CBFFDE3-7B9F-4F54-9911-FF85D8BCA06A}.All|ARM64.ActiveCfg = Debug
		{4CBFFDE3-7B9F-4F54-9911-FF85D8BCA06A}.All|ARM64.Build.0 = Debug
		{4CBFFDE3-7B9F-4F54-9911-FF85D8BCA06A}.All|x64.ActiveCfg = Release
		{4CBFFDE3-7B9F-4F54-9911-FF85D8BCA06A}.All|x64.Build.0 = Release
		{4CBFFDE3-7B9F-4F54-9911-FF85D8BCA06A}.All|x86.ActiveCfg = Release
		{4CBFFDE3-7B9F-4F54-9911-FF85D8BCA06A}.All|x86.Build.0 = Release
		{4CBFFDE3-7B9F-4F54-9911-FF85D8BCA06A}.Debug|ARM.ActiveCfg = Debug
		{4CBFFDE3-7B9F-4F54-9911-FF85D8BCA06A}.Debug|ARM.Build.0 = Debug
		{4CBFFDE3-7B9F-4F54-9911-FF85D8BCA06A}.Debug|ARM64.ActiveCfg = Debug
		{4CBFFDE3-7B9F-4F54-9911-FF85D8BCA06A}.Debug|ARM64.Build.0 = Debug
		{4CBFFDE3-7B9F-4F54-9911-FF85D8BCA06A}.Debug|x64.ActiveCfg = Debug
		{4CBFFDE3-7B9F-4F54-9911-FF85D8BCA06A}.Debug|x86.ActiveCfg = Debug
		{4CBFFDE3-7B9F-4F54-9911-FF85D8BCA06A}.Release|ARM.ActiveCfg = Release
		{4CBFFDE3-7B9F-4F54-9911-FF85D8BCA06A}.Release|ARM.Build.0 = Release
		{4CBFFDE3-7B9F-4F54-9911-FF85D8BCA06A}.Release|ARM64.ActiveCfg = Release
		{4CBFFDE3-7B9F-4F54-9911-FF85D8BCA06A}.Release|ARM64.Build.0 = Release
		{4CBFFDE3-7B9F-4F54-9911-FF85D8BCA06A}.Release|x64.ActiveCfg = Release
		{4CBFFDE3-7B9F-4F54-9911-FF85D8BCA06A}.Release|x86.ActiveCfg = Release
		{414BD7D1-79F0-4D76-BAC8-F7D07628918C}.All|ARM.ActiveCfg = Release|ARM
		{414BD7D1-79F0-4D76-BAC8-F7D07628918C}.All|ARM.Build.0 = Release|ARM
		{414BD7D1-79F0-4D76-BAC8-F7D07628918C}.All|ARM64.ActiveCfg = Release|ARM64
		{414BD7D1-79F0-4D76-BAC8-F7D07628918C}.All|ARM64.Build.0 = Release|ARM64
		{414BD7D1-79F0-4D76-BAC8-F7D07628918C}.All|x64.ActiveCfg = Release|x64
		{414BD7D1-79F0-4D76-BAC8-F7D07628918C}.All|x64.Build.0 = Release|x64
		{414BD7D1-79F0-4D76-BAC8-F7D07628918C}.All|x86.ActiveCfg = Release|x86
		{414BD7D1-79F0-4D76-BAC8-F7D07628918C}.All|x86.Build.0 = Release|x86
		{414BD7D1-79F0-4D76-BAC8-F7D07628918C}.Debug|ARM.ActiveCfg = Debug|ARM
		{414BD7D1-79F0-4D76-BAC8-F7D07628918C}.Debug|ARM.Build.0 = Debug|ARM
		{414BD7D1-79F0-4D76-BAC8-F7D07628918C}.Debug|ARM64.ActiveCfg = Debug|ARM64
		{414BD7D1-79F0-4D76-BAC8-F7D07628918C}.Debug|ARM64.Build.0 = Debug|ARM64
		{414BD7D1-79F0-4D76-BAC8-F7D07628918C}.Debug|x64.ActiveCfg = Debug|x64
		{414BD7D1-79F0-4D76-BAC8-F7D07628918C}.Debug|x64.Build.0 = Debug|x64
		{414BD7D1-79F0-4D76-BAC8-F7D07628918C}.Debug|x86.ActiveCfg = Debug|x86
		{414BD7D1-79F0-4D76-BAC8-F7D07628918C}.Debug|x86.Build.0 = Debug|x86
		{414BD7D1-79F0-4D76-BAC8-F7D07628918C}.Release|ARM.ActiveCfg = Release|ARM
		{414BD7D1-79F0-4D76-BAC8-F7D07628918C}.Release|ARM.Build.0 = Release|ARM
		{414BD7D1-79F0-4D76-BAC8-F7D07628918C}.Release|ARM64.ActiveCfg = Release|ARM64
		{414BD7D1-79F0-4D76-BAC8-F7D07628918C}.Release|ARM64.Build.0 = Release|ARM64
		{414BD7D1-79F0-4D76-BAC8-F7D07628918C}.Release|x64.ActiveCfg = Release|x64
		{414BD7D1-79F0-4D76-BAC8-F7D07628918C}.Release|x64.Build.0 = Release|x64
		{414BD7D1-79F0-4D76-BAC8-F7D07628918C}.Release|x86.ActiveCfg = Release|x86
		{414BD7D1-79F0-4D76-BAC8-F7D07628918C}.Release|x86.Build.0 = Release|x86
	EndGlobalSection
	GlobalSection(SolutionProperties) = preSolution
		HideSolutionNode = FALSE
	EndGlobalSection
	GlobalSection(ExtensibilityGlobals) = postSolution
		SolutionGuid = {D8969E24-077F-4DF8-9057-7E83F1C159F8}
	EndGlobalSection
EndGlobal
