<?xml version="1.0" encoding="utf-8"?>
<Project ToolsVersion="4.0" xmlns="http://schemas.microsoft.com/developer/msbuild/2003">
  <ItemGroup>
    <ClCompile Include="..\mbedTLS\library\aes.c">
      <Filter>mbedTLS</Filter>
    </ClCompile>
    <ClCompile Include="..\mbedTLS\library\aesni.c">
      <Filter>mbedTLS</Filter>
    </ClCompile>
    <ClCompile Include="..\mbedTLS\library\arc4.c">
      <Filter>mbedTLS</Filter>
    </ClCompile>
    <ClCompile Include="..\mbedTLS\library\asn1parse.c">
      <Filter>mbedTLS</Filter>
    </ClCompile>
    <ClCompile Include="..\mbedTLS\library\asn1write.c">
      <Filter>mbedTLS</Filter>
    </ClCompile>
    <ClCompile Include="..\mbedTLS\library\base64.c">
      <Filter>mbedTLS</Filter>
    </ClCompile>
    <ClCompile Include="..\mbedTLS\library\bignum.c">
      <Filter>mbedTLS</Filter>
    </ClCompile>
    <ClCompile Include="..\mbedTLS\library\blowfish.c">
      <Filter>mbedTLS</Filter>
    </ClCompile>
    <ClCompile Include="..\mbedTLS\library\camellia.c">
      <Filter>mbedTLS</Filter>
    </ClCompile>
    <ClCompile Include="..\mbedTLS\library\ccm.c">
      <Filter>mbedTLS</Filter>
    </ClCompile>
    <ClCompile Include="..\mbedTLS\library\certs.c">
      <Filter>mbedTLS</Filter>
    </ClCompile>
    <ClCompile Include="..\mbedTLS\library\cipher.c">
      <Filter>mbedTLS</Filter>
    </ClCompile>
    <ClCompile Include="..\mbedTLS\library\cipher_wrap.c">
      <Filter>mbedTLS</Filter>
    </ClCompile>
    <ClCompile Include="..\mbedTLS\library\cmac.c">
      <Filter>mbedTLS</Filter>
    </ClCompile>
    <ClCompile Include="..\mbedTLS\library\ctr_drbg.c">
      <Filter>mbedTLS</Filter>
    </ClCompile>
    <ClCompile Include="..\mbedTLS\library\debug.c">
      <Filter>mbedTLS</Filter>
    </ClCompile>
    <ClCompile Include="..\mbedTLS\library\des.c">
      <Filter>mbedTLS</Filter>
    </ClCompile>
    <ClCompile Include="..\mbedTLS\library\dhm.c">
      <Filter>mbedTLS</Filter>
    </ClCompile>
    <ClCompile Include="..\mbedTLS\library\ecdh.c">
      <Filter>mbedTLS</Filter>
    </ClCompile>
    <ClCompile Include="..\mbedTLS\library\ecdsa.c">
      <Filter>mbedTLS</Filter>
    </ClCompile>
    <ClCompile Include="..\mbedTLS\library\ecjpake.c">
      <Filter>mbedTLS</Filter>
    </ClCompile>
    <ClCompile Include="..\mbedTLS\library\ecp.c">
      <Filter>mbedTLS</Filter>
    </ClCompile>
    <ClCompile Include="..\mbedTLS\library\ecp_curves.c">
      <Filter>mbedTLS</Filter>
    </ClCompile>
    <ClCompile Include="..\mbedTLS\library\entropy.c">
      <Filter>mbedTLS</Filter>
    </ClCompile>
    <ClCompile Include="..\mbedTLS\library\entropy_poll.c">
      <Filter>mbedTLS</Filter>
    </ClCompile>
    <ClCompile Include="..\mbedTLS\library\error.c">
      <Filter>mbedTLS</Filter>
    </ClCompile>
    <ClCompile Include="..\mbedTLS\library\gcm.c">
      <Filter>mbedTLS</Filter>
    </ClCompile>
    <ClCompile Include="..\mbedTLS\library\havege.c">
      <Filter>mbedTLS</Filter>
    </ClCompile>
    <ClCompile Include="..\mbedTLS\library\hmac_drbg.c">
      <Filter>mbedTLS</Filter>
    </ClCompile>
    <ClCompile Include="..\mbedTLS\library\md.c">
      <Filter>mbedTLS</Filter>
    </ClCompile>
    <ClCompile Include="..\mbedTLS\library\md_wrap.c">
      <Filter>mbedTLS</Filter>
    </ClCompile>
    <ClCompile Include="..\mbedTLS\library\md2.c">
      <Filter>mbedTLS</Filter>
    </ClCompile>
    <ClCompile Include="..\mbedTLS\library\md4.c">
      <Filter>mbedTLS</Filter>
    </ClCompile>
    <ClCompile Include="..\mbedTLS\library\md5.c">
      <Filter>mbedTLS</Filter>
    </ClCompile>
    <ClCompile Include="..\mbedTLS\library\memory_buffer_alloc.c">
      <Filter>mbedTLS</Filter>
    </ClCompile>
    <ClCompile Include="..\mbedTLS\library\net_sockets.c">
      <Filter>mbedTLS</Filter>
    </ClCompile>
    <ClCompile Include="..\mbedTLS\library\oid.c">
      <Filter>mbedTLS</Filter>
    </ClCompile>
    <ClCompile Include="..\mbedTLS\library\padlock.c">
      <Filter>mbedTLS</Filter>
    </ClCompile>
    <ClCompile Include="..\mbedTLS\library\pem.c">
      <Filter>mbedTLS</Filter>
    </ClCompile>
    <ClCompile Include="..\mbedTLS\library\pk.c">
      <Filter>mbedTLS</Filter>
    </ClCompile>
    <ClCompile Include="..\mbedTLS\library\pk_wrap.c">
      <Filter>mbedTLS</Filter>
    </ClCompile>
    <ClCompile Include="..\mbedTLS\library\pkcs5.c">
      <Filter>mbedTLS</Filter>
    </ClCompile>
    <ClCompile Include="..\mbedTLS\library\pkcs11.c">
      <Filter>mbedTLS</Filter>
    </ClCompile>
    <ClCompile Include="..\mbedTLS\library\pkcs12.c">
      <Filter>mbedTLS</Filter>
    </ClCompile>
    <ClCompile Include="..\mbedTLS\library\pkparse.c">
      <Filter>mbedTLS</Filter>
    </ClCompile>
    <ClCompile Include="..\mbedTLS\library\pkwrite.c">
      <Filter>mbedTLS</Filter>
    </ClCompile>
    <ClCompile Include="..\mbedTLS\library\platform.c">
      <Filter>mbedTLS</Filter>
    </ClCompile>
    <ClCompile Include="..\mbedTLS\library\ripemd160.c">
      <Filter>mbedTLS</Filter>
    </ClCompile>
    <ClCompile Include="..\mbedTLS\library\rsa.c">
      <Filter>mbedTLS</Filter>
    </ClCompile>
    <ClCompile Include="..\mbedTLS\library\rsa_internal.c">
      <Filter>mbedTLS</Filter>
    </ClCompile>
    <ClCompile Include="..\mbedTLS\library\sha1.c">
      <Filter>mbedTLS</Filter>
    </ClCompile>
    <ClCompile Include="..\mbedTLS\library\sha256.c">
      <Filter>mbedTLS</Filter>
    </ClCompile>
    <ClCompile Include="..\mbedTLS\library\sha512.c">
      <Filter>mbedTLS</Filter>
    </ClCompile>
    <ClCompile Include="..\mbedTLS\library\ssl_cache.c">
      <Filter>mbedTLS</Filter>
    </ClCompile>
    <ClCompile Include="..\mbedTLS\library\ssl_ciphersuites.c">
      <Filter>mbedTLS</Filter>
    </ClCompile>
    <ClCompile Include="..\mbedTLS\library\ssl_cli.c">
      <Filter>mbedTLS</Filter>
    </ClCompile>
    <ClCompile Include="..\mbedTLS\library\ssl_cookie.c">
      <Filter>mbedTLS</Filter>
    </ClCompile>
    <ClCompile Include="..\mbedTLS\library\ssl_srv.c">
      <Filter>mbedTLS</Filter>
    </ClCompile>
    <ClCompile Include="..\mbedTLS\library\ssl_ticket.c">
      <Filter>mbedTLS</Filter>
    </ClCompile>
    <ClCompile Include="..\mbedTLS\library\ssl_tls.c">
      <Filter>mbedTLS</Filter>
    </ClCompile>
    <ClCompile Include="..\mbedTLS\library\threading.c">
      <Filter>mbedTLS</Filter>
    </ClCompile>
    <ClCompile Include="..\mbedTLS\library\timing.c">
      <Filter>mbedTLS</Filter>
    </ClCompile>
    <ClCompile Include="..\mbedTLS\library\version.c">
      <Filter>mbedTLS</Filter>
    </ClCompile>
    <ClCompile Include="..\mbedTLS\library\version_features.c">
      <Filter>mbedTLS</Filter>
    </ClCompile>
    <ClCompile Include="..\mbedTLS\library\x509.c">
      <Filter>mbedTLS</Filter>
    </ClCompile>
    <ClCompile Include="..\mbedTLS\library\x509_create.c">
      <Filter>mbedTLS</Filter>
    </ClCompile>
    <ClCompile Include="..\mbedTLS\library\x509_crl.c">
      <Filter>mbedTLS</Filter>
    </ClCompile>
    <ClCompile Include="..\mbedTLS\library\x509_crt.c">
      <Filter>mbedTLS</Filter>
    </ClCompile>
    <ClCompile Include="..\mbedTLS\library\x509_csr.c">
      <Filter>mbedTLS</Filter>
    </ClCompile>
    <ClCompile Include="..\mbedTLS\library\x509write_crt.c">
      <Filter>mbedTLS</Filter>
    </ClCompile>
    <ClCompile Include="..\mbedTLS\library\x509write_csr.c">
      <Filter>mbedTLS</Filter>
    </ClCompile>
    <ClCompile Include="..\mbedTLS\library\xtea.c">
      <Filter>mbedTLS</Filter>
    </ClCompile>
    <ClCompile Include="..\Server\src\AY_Functions.cpp">
      <Filter>Source Files</Filter>
    </ClCompile>
    <ClCompile Include="..\Server\src\AY_Memory.cpp">
      <Filter>Source Files</Filter>
    </ClCompile>
    <ClCompile Include="..\Server\src\AY_Printf.cpp">
      <Filter>Source Files</Filter>
    </ClCompile>
    <ClCompile Include="..\Server\src\AY_Socket.cpp">
      <Filter>Source Files</Filter>
    </ClCompile>
    <ClCompile Include="src\AY_Demo.cpp">
      <Filter>Source Files</Filter>
    </ClCompile>
    <ClCompile Include="src\AY_DemoDev.cpp">
      <Filter>Source Files</Filter>
    </ClCompile>
    <ClCompile Include="src\AY_DemoPrjtBased.cpp">
      <Filter>Source Files</Filter>
    </ClCompile>
    <ClCompile Include="src\AY_File.cpp">
      <Filter>Source Files</Filter>
    </ClCompile>
    <ClCompile Include="..\Server\src\AY_Crypt.cpp">
      <Filter>Source Files</Filter>
    </ClCompile>
  </ItemGroup>
  <ItemGroup>
    <ClInclude Include="..\P1001\inc\AY_Functions.h">
      <Filter>Header Files</Filter>
    </ClInclude>
    <ClInclude Include="..\Server\inc\AY_Printf.h">
      <Filter>Header Files</Filter>
    </ClInclude>
    <ClInclude Include="..\Server\inc\AY_Socket.h">
      <Filter>Header Files</Filter>
    </ClInclude>
    <ClInclude Include="..\P1001\inc\AY_Type.h">
      <Filter>Header Files</Filter>
    </ClInclude>
    <ClInclude Include="inc\AY_Demo.h">
      <Filter>Header Files</Filter>
    </ClInclude>
    <ClInclude Include="inc\AY_DemoDev.h">
      <Filter>Header Files</Filter>
    </ClInclude>
    <ClInclude Include="inc\AY_DemoPrjtBased.h">
      <Filter>Header Files</Filter>
    </ClInclude>
    <ClInclude Include="inc\AY_File.h">
      <Filter>Header Files</Filter>
    </ClInclude>
    <ClInclude Include="..\Server\inc\AY_Crypt.h">
      <Filter>Header Files</Filter>
    </ClInclude>
  </ItemGroup>
  <ItemGroup>
    <Filter Include="Header Files">
      <UniqueIdentifier>{2b81f29f-4819-4dbf-9bdb-4260db790ed6}</UniqueIdentifier>
    </Filter>
    <Filter Include="mbedTLS">
      <UniqueIdentifier>{e369b807-f544-4091-a940-8eb82809afbc}</UniqueIdentifier>
    </Filter>
    <Filter Include="Source Files">
      <UniqueIdentifier>{c37b434e-9908-4ff5-adc8-995e735bfa04}</UniqueIdentifier>
    </Filter>
  </ItemGroup>
</Project>