<?xml version="1.0" encoding="utf-8"?>
<Project ToolsVersion="4.0" xmlns="http://schemas.microsoft.com/developer/msbuild/2003">
  <ItemGroup>
    <ClCompile Include="..\DemoClient\src\AY_Client.cpp">
      <Filter>Source Files</Filter>
    </ClCompile>
    <ClCompile Include="..\DemoClient\src\AY_ClientDev.cpp">
      <Filter>Source Files</Filter>
    </ClCompile>
    <ClCompile Include="..\DemoClient\src\AY_ClientPrjtBased.cpp">
      <Filter>Source Files</Filter>
    </ClCompile>
    <ClCompile Include="..\DemoClient\src\AY_ClientSocket.cpp">
      <Filter>Source Files</Filter>
    </ClCompile>
    <ClCompile Include="..\DemoClient\src\AY_Command.cpp">
      <Filter>Source Files</Filter>
    </ClCompile>
    <ClCompile Include="..\DemoClient\src\AY_File.cpp">
      <Filter>Source Files</Filter>
    </ClCompile>
    <ClCompile Include="..\Server\src\AY_Functions.cpp">
      <Filter>Source Files</Filter>
    </ClCompile>
    <ClCompile Include="..\Server\src\AY_Memory.cpp">
      <Filter>Source Files</Filter>
    </ClCompile>
    <ClCompile Include="..\Server\src\AY_Printf.cpp">
      <Filter>Source Files</Filter>
    </ClCompile>
    <ClCompile Include="..\Server\src\AY_Socket.cpp">
      <Filter>Source Files</Filter>
    </ClCompile>
  </ItemGroup>
  <ItemGroup>
    <Filter Include="Source Files">
      <UniqueIdentifier>{b7fdecef-f7b0-4097-8a34-dedfeedf2c8a}</UniqueIdentifier>
    </Filter>
    <Filter Include="Header Files">
      <UniqueIdentifier>{99f58433-a16c-448e-9aa7-aac2253d1c63}</UniqueIdentifier>
    </Filter>
  </ItemGroup>
  <ItemGroup>
    <ClInclude Include="..\Server\inc\AY_Functions.h">
      <Filter>Header Files</Filter>
    </ClInclude>
    <ClInclude Include="..\Server\inc\AY_Memory.h">
      <Filter>Header Files</Filter>
    </ClInclude>
    <ClInclude Include="..\Server\inc\AY_Printf.h">
      <Filter>Header Files</Filter>
    </ClInclude>
    <ClInclude Include="..\Server\inc\AY_Socket.h">
      <Filter>Header Files</Filter>
    </ClInclude>
    <ClInclude Include="..\Server\inc\AY_Type.h">
      <Filter>Header Files</Filter>
    </ClInclude>
    <ClInclude Include="..\DemoClient\inc\AY_Client.h">
      <Filter>Header Files</Filter>
    </ClInclude>
    <ClInclude Include="..\DemoClient\inc\AY_ClientDev.h">
      <Filter>Header Files</Filter>
    </ClInclude>
    <ClInclude Include="..\DemoClient\inc\AY_ClientPrjtBased.h">
      <Filter>Header Files</Filter>
    </ClInclude>
    <ClInclude Include="..\DemoClient\inc\AY_ClientSocket.h">
      <Filter>Header Files</Filter>
    </ClInclude>
    <ClInclude Include="..\DemoClient\inc\AY_Command.h">
      <Filter>Header Files</Filter>
    </ClInclude>
    <ClInclude Include="..\DemoClient\inc\AY_File.h">
      <Filter>Header Files</Filter>
    </ClInclude>
    <ClInclude Include="..\Server\inc\AY_Main.h">
      <Filter>Header Files</Filter>
    </ClInclude>
  </ItemGroup>
</Project>